
Microsoft Visual Studio Solution File, Format Version 12.00
# Visual Studio Version 16
VisualStudioVersion = 16.0.29509.3
MinimumVisualStudioVersion = 10.0.40219.1
Project("{FAE04EC0-301F-11D3-BF4B-00C04F79EFBC}") = "textEditor", "textEditor\textEditor.csproj", "{CAB74204-5E26-4EF6-8C9E-4F078EBADFDE}"
EndProject
Global
	GlobalSection(SolutionConfigurationPlatforms) = preSolution
		Debug|Any CPU = Debug|Any CPU
		Release|Any CPU = Release|Any CPU
	EndGlobalSection
	GlobalSection(ProjectConfigurationPlatforms) = postSolution
		{CAB74204-5E26-4EF6-8C9E-4F078EBADFDE}.Debug|Any CPU.ActiveCfg = Debug|Any CPU
		{CAB74204-5E26-4EF6-8C9E-4F078EBADFDE}.Debug|Any CPU.Build.0 = Debug|Any CPU
		{CAB74204-5E26-4EF6-8C9E-4F078EBADFDE}.Release|Any CPU.ActiveCfg = Release|Any CPU
		{CAB74204-5E26-4EF6-8C9E-4F078EBADFDE}.Release|Any CPU.Build.0 = Release|Any CPU
	EndGlobalSection
	GlobalSection(SolutionProperties) = preSolution
		HideSolutionNode = FALSE
	EndGlobalSection
	GlobalSection(ExtensibilityGlobals) = postSolution
		SolutionGuid = {D2746C35-6055-4A50-9DF5-204760975E6F}
	EndGlobalSection
EndGlobal
